// !$*UTF8*$!
{
	archiveVersion = 1;
	classes = {
	};
	objectVersion = 52;
	objects = {

/* Begin PBXBuildFile section */
		1B9DFD1126C2AC4200651F4D /* GameListApp.swift in Sources */ = {isa = PBXBuildFile; fileRef = 1B9DFD1026C2AC4200651F4D /* GameListApp.swift */; };
		1B9DFD1326C2AC4200651F4D /* ContentView.swift in Sources */ = {isa = PBXBuildFile; fileRef = 1B9DFD1226C2AC4200651F4D /* ContentView.swift */; };
		1B9DFD1526C2AC4600651F4D /* Assets.xcassets in Resources */ = {isa = PBXBuildFile; fileRef = 1B9DFD1426C2AC4600651F4D /* Assets.xcassets */; };
		1B9DFD1826C2AC4600651F4D /* Preview Assets.xcassets in Resources */ = {isa = PBXBuildFile; fileRef = 1B9DFD1726C2AC4600651F4D /* Preview Assets.xcassets */; };
		1B9DFD2326C4C8B700651F4D /* HomeView.swift in Sources */ = {isa = PBXBuildFile; fileRef = 1B9DFD2226C4C8B700651F4D /* HomeView.swift */; };
		1B9DFD2626C4C8CE00651F4D /* GameDetailView.swift in Sources */ = {isa = PBXBuildFile; fileRef = 1B9DFD2526C4C8CE00651F4D /* GameDetailView.swift */; };
		1B9DFD2926C4C8D600651F4D /* ProfileView.swift in Sources */ = {isa = PBXBuildFile; fileRef = 1B9DFD2826C4C8D600651F4D /* ProfileView.swift */; };
		1BD13DA426CE77FC00998FE6 /* GameList.swift in Sources */ = {isa = PBXBuildFile; fileRef = 1BD13DA326CE77FC00998FE6 /* GameList.swift */; };
		1BD13DA826D5168900998FE6 /* Kingfisher in Frameworks */ = {isa = PBXBuildFile; productRef = 1BD13DA726D5168900998FE6 /* Kingfisher */; };
/* End PBXBuildFile section */

/* Begin PBXFileReference section */
		1B9DFD0D26C2AC4200651F4D /* Game List.app */ = {isa = PBXFileReference; explicitFileType = wrapper.application; includeInIndex = 0; path = "Game List.app"; sourceTree = BUILT_PRODUCTS_DIR; };
		1B9DFD1026C2AC4200651F4D /* GameListApp.swift */ = {isa = PBXFileReference; lastKnownFileType = sourcecode.swift; path = GameListApp.swift; sourceTree = "<group>"; };
		1B9DFD1226C2AC4200651F4D /* ContentView.swift */ = {isa = PBXFileReference; lastKnownFileType = sourcecode.swift; path = ContentView.swift; sourceTree = "<group>"; };
		1B9DFD1426C2AC4600651F4D /* Assets.xcassets */ = {isa = PBXFileReference; lastKnownFileType = folder.assetcatalog; path = Assets.xcassets; sourceTree = "<group>"; };
		1B9DFD1726C2AC4600651F4D /* Preview Assets.xcassets */ = {isa = PBXFileReference; lastKnownFileType = folder.assetcatalog; path = "Preview Assets.xcassets"; sourceTree = "<group>"; };
		1B9DFD1926C2AC4600651F4D /* Info.plist */ = {isa = PBXFileReference; lastKnownFileType = text.plist.xml; path = Info.plist; sourceTree = "<group>"; };
		1B9DFD2226C4C8B700651F4D /* HomeView.swift */ = {isa = PBXFileReference; lastKnownFileType = sourcecode.swift; path = HomeView.swift; sourceTree = "<group>"; };
		1B9DFD2526C4C8CE00651F4D /* GameDetailView.swift */ = {isa = PBXFileReference; lastKnownFileType = sourcecode.swift; path = GameDetailView.swift; sourceTree = "<group>"; };
		1B9DFD2826C4C8D600651F4D /* ProfileView.swift */ = {isa = PBXFileReference; lastKnownFileType = sourcecode.swift; path = ProfileView.swift; sourceTree = "<group>"; };
		1BD13DA326CE77FC00998FE6 /* GameList.swift */ = {isa = PBXFileReference; lastKnownFileType = sourcecode.swift; path = GameList.swift; sourceTree = "<group>"; };
/* End PBXFileReference section */

/* Begin PBXFrameworksBuildPhase section */
		1B9DFD0A26C2AC4200651F4D /* Frameworks */ = {
			isa = PBXFrameworksBuildPhase;
			buildActionMask = 2147483647;
			files = (
				1BD13DA826D5168900998FE6 /* Kingfisher in Frameworks */,
			);
			runOnlyForDeploymentPostprocessing = 0;
		};
/* End PBXFrameworksBuildPhase section */

/* Begin PBXGroup section */
		1B9DFD0426C2AC4200651F4D = {
			isa = PBXGroup;
			children = (
				1B9DFD0F26C2AC4200651F4D /* Game List */,
				1B9DFD0E26C2AC4200651F4D /* Products */,
			);
			sourceTree = "<group>";
		};
		1B9DFD0E26C2AC4200651F4D /* Products */ = {
			isa = PBXGroup;
			children = (
				1B9DFD0D26C2AC4200651F4D /* Game List.app */,
			);
			name = Products;
			sourceTree = "<group>";
		};
		1B9DFD0F26C2AC4200651F4D /* Game List */ = {
			isa = PBXGroup;
			children = (
				1B9DFD2026C3718700651F4D /* Views */,
				1B9DFD1026C2AC4200651F4D /* GameListApp.swift */,
				1BD13DA326CE77FC00998FE6 /* GameList.swift */,
				1B9DFD1226C2AC4200651F4D /* ContentView.swift */,
				1B9DFD1426C2AC4600651F4D /* Assets.xcassets */,
				1B9DFD1926C2AC4600651F4D /* Info.plist */,
				1B9DFD1626C2AC4600651F4D /* Preview Content */,
			);
			path = "Game List";
			sourceTree = "<group>";
		};
		1B9DFD1626C2AC4600651F4D /* Preview Content */ = {
			isa = PBXGroup;
			children = (
				1B9DFD1726C2AC4600651F4D /* Preview Assets.xcassets */,
			);
			path = "Preview Content";
			sourceTree = "<group>";
		};
		1B9DFD2026C3718700651F4D /* Views */ = {
			isa = PBXGroup;
			children = (
				1B9DFD2226C4C8B700651F4D /* HomeView.swift */,
				1B9DFD2526C4C8CE00651F4D /* GameDetailView.swift */,
				1B9DFD2826C4C8D600651F4D /* ProfileView.swift */,
			);
			path = Views;
			sourceTree = "<group>";
		};
/* End PBXGroup section */

/* Begin PBXNativeTarget section */
		1B9DFD0C26C2AC4200651F4D /* Game List */ = {
			isa = PBXNativeTarget;
			buildConfigurationList = 1B9DFD1C26C2AC4600651F4D /* Build configuration list for PBXNativeTarget "Game List" */;
			buildPhases = (
				1B9DFD0926C2AC4200651F4D /* Sources */,
				1B9DFD0A26C2AC4200651F4D /* Frameworks */,
				1B9DFD0B26C2AC4200651F4D /* Resources */,
			);
			buildRules = (
			);
			dependencies = (
			);
			name = "Game List";
			packageProductDependencies = (
				1BD13DA726D5168900998FE6 /* Kingfisher */,
			);
			productName = "Game List";
			productReference = 1B9DFD0D26C2AC4200651F4D /* Game List.app */;
			productType = "com.apple.product-type.application";
		};
/* End PBXNativeTarget section */

/* Begin PBXProject section */
		1B9DFD0526C2AC4200651F4D /* Project object */ = {
			isa = PBXProject;
			attributes = {
				LastSwiftUpdateCheck = 1240;
				LastUpgradeCheck = 1240;
				TargetAttributes = {
					1B9DFD0C26C2AC4200651F4D = {
						CreatedOnToolsVersion = 12.4;
					};
				};
			};
			buildConfigurationList = 1B9DFD0826C2AC4200651F4D /* Build configuration list for PBXProject "Game List" */;
			compatibilityVersion = "Xcode 9.3";
			developmentRegion = en;
			hasScannedForEncodings = 0;
			knownRegions = (
				en,
				Base,
			);
			mainGroup = 1B9DFD0426C2AC4200651F4D;
			packageReferences = (
				1BD13DA626D5168900998FE6 /* XCRemoteSwiftPackageReference "Kingfisher" */,
			);
			productRefGroup = 1B9DFD0E26C2AC4200651F4D /* Products */;
			projectDirPath = "";
			projectRoot = "";
			targets = (
				1B9DFD0C26C2AC4200651F4D /* Game List */,
			);
		};
/* End PBXProject section */

/* Begin PBXResourcesBuildPhase section */
		1B9DFD0B26C2AC4200651F4D /* Resources */ = {
			isa = PBXResourcesBuildPhase;
			buildActionMask = 2147483647;
			files = (
				1B9DFD1826C2AC4600651F4D /* Preview Assets.xcassets in Resources */,
				1B9DFD1526C2AC4600651F4D /* Assets.xcassets in Resources */,
			);
			runOnlyForDeploymentPostprocessing = 0;
		};
/* End PBXResourcesBuildPhase section */

/* Begin PBXSourcesBuildPhase section */
		1B9DFD0926C2AC4200651F4D /* Sources */ = {
			isa = PBXSourcesBuildPhase;
			buildActionMask = 2147483647;
			files = (
				1B9DFD2326C4C8B700651F4D /* HomeView.swift in Sources */,
				1BD13DA426CE77FC00998FE6 /* GameList.swift in Sources */,
				1B9DFD1326C2AC4200651F4D /* ContentView.swift in Sources */,
				1B9DFD2926C4C8D600651F4D /* ProfileView.swift in Sources */,
				1B9DFD1126C2AC4200651F4D /* GameListApp.swift in Sources */,
				1B9DFD2626C4C8CE00651F4D /* GameDetailView.swift in Sources */,
			);
			runOnlyForDeploymentPostprocessing = 0;
		};
/* End PBXSourcesBuildPhase section */

/* Begin XCBuildConfiguration section */
		1B9DFD1A26C2AC4600651F4D /* Debug */ = {
			isa = XCBuildConfiguration;
			buildSettings = {
				ALWAYS_SEARCH_USER_PATHS = NO;
				CLANG_ANALYZER_NONNULL = YES;
				CLANG_ANALYZER_NUMBER_OBJECT_CONVERSION = YES_AGGRESSIVE;
				CLANG_CXX_LANGUAGE_STANDARD = "gnu++14";
				CLANG_CXX_LIBRARY = "libc++";
				CLANG_ENABLE_MODULES = YES;
				CLANG_ENABLE_OBJC_ARC = YES;
				CLANG_ENABLE_OBJC_WEAK = YES;
				CLANG_WARN_BLOCK_CAPTURE_AUTORELEASING = YES;
				CLANG_WARN_BOOL_CONVERSION = YES;
				CLANG_WARN_COMMA = YES;
				CLANG_WARN_CONSTANT_CONVERSION = YES;
				CLANG_WARN_DEPRECATED_OBJC_IMPLEMENTATIONS = YES;
				CLANG_WARN_DIRECT_OBJC_ISA_USAGE = YES_ERROR;
				CLANG_WARN_DOCUMENTATION_COMMENTS = YES;
				CLANG_WARN_EMPTY_BODY = YES;
				CLANG_WARN_ENUM_CONVERSION = YES;
				CLANG_WARN_INFINITE_RECURSION = YES;
				CLANG_WARN_INT_CONVERSION = YES;
				CLANG_WARN_NON_LITERAL_NULL_CONVERSION = YES;
				CLANG_WARN_OBJC_IMPLICIT_RETAIN_SELF = YES;
				CLANG_WARN_OBJC_LITERAL_CONVERSION = YES;
				CLANG_WARN_OBJC_ROOT_CLASS = YES_ERROR;
				CLANG_WARN_QUOTED_INCLUDE_IN_FRAMEWORK_HEADER = YES;
				CLANG_WARN_RANGE_LOOP_ANALYSIS = YES;
				CLANG_WARN_STRICT_PROTOTYPES = YES;
				CLANG_WARN_SUSPICIOUS_MOVE = YES;
				CLANG_WARN_UNGUARDED_AVAILABILITY = YES_AGGRESSIVE;
				CLANG_WARN_UNREACHABLE_CODE = YES;
				CLANG_WARN__DUPLICATE_METHOD_MATCH = YES;
				COPY_PHASE_STRIP = NO;
				DEBUG_INFORMATION_FORMAT = dwarf;
				ENABLE_STRICT_OBJC_MSGSEND = YES;
				ENABLE_TESTABILITY = YES;
				GCC_C_LANGUAGE_STANDARD = gnu11;
				GCC_DYNAMIC_NO_PIC = NO;
				GCC_NO_COMMON_BLOCKS = YES;
				GCC_OPTIMIZATION_LEVEL = 0;
				GCC_PREPROCESSOR_DEFINITIONS = (
					"DEBUG=1",
					"$(inherited)",
				);
				GCC_WARN_64_TO_32_BIT_CONVERSION = YES;
				GCC_WARN_ABOUT_RETURN_TYPE = YES_ERROR;
				GCC_WARN_UNDECLARED_SELECTOR = YES;
				GCC_WARN_UNINITIALIZED_AUTOS = YES_AGGRESSIVE;
				GCC_WARN_UNUSED_FUNCTION = YES;
				GCC_WARN_UNUSED_VARIABLE = YES;
				IPHONEOS_DEPLOYMENT_TARGET = 14.4;
				MTL_ENABLE_DEBUG_INFO = INCLUDE_SOURCE;
				MTL_FAST_MATH = YES;
				ONLY_ACTIVE_ARCH = YES;
				SDKROOT = iphoneos;
				SWIFT_ACTIVE_COMPILATION_CONDITIONS = DEBUG;
				SWIFT_OPTIMIZATION_LEVEL = "-Onone";
			};
			name = Debug;
		};
		1B9DFD1B26C2AC4600651F4D /* Release */ = {
			isa = XCBuildConfiguration;
			buildSettings = {
				ALWAYS_SEARCH_USER_PATHS = NO;
				CLANG_ANALYZER_NONNULL = YES;
				CLANG_ANALYZER_NUMBER_OBJECT_CONVERSION = YES_AGGRESSIVE;
				CLANG_CXX_LANGUAGE_STANDARD = "gnu++14";
				CLANG_CXX_LIBRARY = "libc++";
				CLANG_ENABLE_MODULES = YES;
				CLANG_ENABLE_OBJC_ARC = YES;
				CLANG_ENABLE_OBJC_WEAK = YES;
				CLANG_WARN_BLOCK_CAPTURE_AUTORELEASING = YES;
				CLANG_WARN_BOOL_CONVERSION = YES;
				CLANG_WARN_COMMA = YES;
				CLANG_WARN_CONSTANT_CONVERSION = YES;
				CLANG_WARN_DEPRECATED_OBJC_IMPLEMENTATIONS = YES;
				CLANG_WARN_DIRECT_OBJC_ISA_USAGE = YES_ERROR;
				CLANG_WARN_DOCUMENTATION_COMMENTS = YES;
				CLANG_WARN_EMPTY_BODY = YES;
				CLANG_WARN_ENUM_CONVERSION = YES;
				CLANG_WARN_INFINITE_RECURSION = YES;
				CLANG_WARN_INT_CONVERSION = YES;
				CLANG_WARN_NON_LITERAL_NULL_CONVERSION = YES;
				CLANG_WARN_OBJC_IMPLICIT_RETAIN_SELF = YES;
				CLANG_WARN_OBJC_LITERAL_CONVERSION = YES;
				CLANG_WARN_OBJC_ROOT_CLASS = YES_ERROR;
				CLANG_WARN_QUOTED_INCLUDE_IN_FRAMEWORK_HEADER = YES;
				CLANG_WARN_RANGE_LOOP_ANALYSIS = YES;
				CLANG_WARN_STRICT_PROTOTYPES = YES;
				CLANG_WARN_SUSPICIOUS_MOVE = YES;
				CLANG_WARN_UNGUARDED_AVAILABILITY = YES_AGGRESSIVE;
				CLANG_WARN_UNREACHABLE_CODE = YES;
				CLANG_WARN__DUPLICATE_METHOD_MATCH = YES;
				COPY_PHASE_STRIP = NO;
				DEBUG_INFORMATION_FORMAT = "dwarf-with-dsym";
				ENABLE_NS_ASSERTIONS = NO;
				ENABLE_STRICT_OBJC_MSGSEND = YES;
				GCC_C_LANGUAGE_STANDARD = gnu11;
				GCC_NO_COMMON_BLOCKS = YES;
				GCC_WARN_64_TO_32_BIT_CONVERSION = YES;
				GCC_WARN_ABOUT_RETURN_TYPE = YES_ERROR;
				GCC_WARN_UNDECLARED_SELECTOR = YES;
				GCC_WARN_UNINITIALIZED_AUTOS = YES_AGGRESSIVE;
				GCC_WARN_UNUSED_FUNCTION = YES;
				GCC_WARN_UNUSED_VARIABLE = YES;
				IPHONEOS_DEPLOYMENT_TARGET = 14.4;
				MTL_ENABLE_DEBUG_INFO = NO;
				MTL_FAST_MATH = YES;
				SDKROOT = iphoneos;
				SWIFT_COMPILATION_MODE = wholemodule;
				SWIFT_OPTIMIZATION_LEVEL = "-O";
				VALIDATE_PRODUCT = YES;
			};
			name = Release;
		};
		1B9DFD1D26C2AC4600651F4D /* Debug */ = {
			isa = XCBuildConfiguration;
			buildSettings = {
				ASSETCATALOG_COMPILER_APPICON_NAME = AppIcon;
				ASSETCATALOG_COMPILER_GLOBAL_ACCENT_COLOR_NAME = AccentColor;
				CODE_SIGN_STYLE = Automatic;
				DEVELOPMENT_ASSET_PATHS = "\"Game List/Preview Content\"";
				ENABLE_PREVIEWS = YES;
				INFOPLIST_FILE = "Game List/Info.plist";
				IPHONEOS_DEPLOYMENT_TARGET = 14.0;
				LD_RUNPATH_SEARCH_PATHS = (
					"$(inherited)",
					"@executable_path/Frameworks",
				);
				PRODUCT_BUNDLE_IDENTIFIER = "com.wandifrog.Game-List";
				PRODUCT_NAME = "$(TARGET_NAME)";
				SWIFT_VERSION = 5.0;
				TARGETED_DEVICE_FAMILY = "1,2";
			};
			name = Debug;
		};
		1B9DFD1E26C2AC4600651F4D /* Release */ = {
			isa = XCBuildConfiguration;
			buildSettings = {
				ASSETCATALOG_COMPILER_APPICON_NAME = AppIcon;
				ASSETCATALOG_COMPILER_GLOBAL_ACCENT_COLOR_NAME = AccentColor;
				CODE_SIGN_STYLE = Automatic;
				DEVELOPMENT_ASSET_PATHS = "\"Game List/Preview Content\"";
				ENABLE_PREVIEWS = YES;
				INFOPLIST_FILE = "Game List/Info.plist";
				IPHONEOS_DEPLOYMENT_TARGET = 14.0;
				LD_RUNPATH_SEARCH_PATHS = (
					"$(inherited)",
					"@executable_path/Frameworks",
				);
				PRODUCT_BUNDLE_IDENTIFIER = "com.wandifrog.Game-List";
				PRODUCT_NAME = "$(TARGET_NAME)";
				SWIFT_VERSION = 5.0;
				TARGETED_DEVICE_FAMILY = "1,2";
			};
			name = Release;
		};
/* End XCBuildConfiguration section */

/* Begin XCConfigurationList section */
		1B9DFD0826C2AC4200651F4D /* Build configuration list for PBXProject "Game List" */ = {
			isa = XCConfigurationList;
			buildConfigurations = (
				1B9DFD1A26C2AC4600651F4D /* Debug */,
				1B9DFD1B26C2AC4600651F4D /* Release */,
			);
			defaultConfigurationIsVisible = 0;
			defaultConfigurationName = Release;
		};
		1B9DFD1C26C2AC4600651F4D /* Build configuration list for PBXNativeTarget "Game List" */ = {
			isa = XCConfigurationList;
			buildConfigurations = (
				1B9DFD1D26C2AC4600651F4D /* Debug */,
				1B9DFD1E26C2AC4600651F4D /* Release */,
			);
			defaultConfigurationIsVisible = 0;
			defaultConfigurationName = Release;
		};
/* End XCConfigurationList section */

/* Begin XCRemoteSwiftPackageReference section */
		1BD13DA626D5168900998FE6 /* XCRemoteSwiftPackageReference "Kingfisher" */ = {
			isa = XCRemoteSwiftPackageReference;
			repositoryURL = "https://github.com/onevcat/Kingfisher.git";
			requirement = {
				kind = upToNextMajorVersion;
				minimumVersion = 6.3.1;
			};
		};
/* End XCRemoteSwiftPackageReference section */

/* Begin XCSwiftPackageProductDependency section */
		1BD13DA726D5168900998FE6 /* Kingfisher */ = {
			isa = XCSwiftPackageProductDependency;
			package = 1BD13DA626D5168900998FE6 /* XCRemoteSwiftPackageReference "Kingfisher" */;
			productName = Kingfisher;
		};
/* End XCSwiftPackageProductDependency section */
	};
	rootObject = 1B9DFD0526C2AC4200651F4D /* Project object */;
}
